<?xml version="1.0" encoding="UTF-8" standalone="yes" ?>
<CodeBlocks_project_file>
	<FileVersion major="1" minor="6" />
	<Project>
		<Option title="FIRM-OMPL" />
		<Option pch_mode="2" />
		<Option compiler="gcc" />
		<Build>
			<Target title="Debug">
				<Option output="bin/Debug/FIRM-OMPL" prefix_auto="1" extension_auto="1" />
				<Option object_output="obj/Debug/" />
				<Option type="1" />
				<Option compiler="gcc" />
				<Compiler>
					<Add option="-std=c++0x" />
					<Add option="-g" />
					<Add directory="/usr/include/qt4/QtCore" />
					<Add directory="/usr/include/qt4" />
					<Add directory="/usr/include/qt4/QtGui" />
					<Add directory="/usr/include/qt4/Qt" />
					<Add directory="/usr/include" />
					<Add directory="/home/maynorc/Documents/omplapp-1.0.0-Source/ompl/src" />
					<Add directory="/home/mycal/omplapp-1.0.0-Source/ompl/src" />
				</Compiler>
				<Linker>
					<Add library="/usr/lib/x86_64-linux-gnu/libboost_system.so" />
					<Add library="/usr/lib/x86_64-linux-gnu/libboost_thread.so" />
					<Add library="/usr/lib/x86_64-linux-gnu/libQtCore.so" />
					<Add library="/usr/lib/x86_64-linux-gnu/libQtGui.so" />
					<Add library="/usr/lib/x86_64-linux-gnu/libGL.so" />
					<Add library="/usr/lib/x86_64-linux-gnu/libGLU.so" />
					<Add library="/usr/lib/x86_64-linux-gnu/libglut.so" />
					<Add library="/usr/lib/x86_64-linux-gnu/libX11.so" />
					<Add library="/usr/lib/x86_64-linux-gnu/libQtOpenGL.so" />
					<Add library="/usr/local/lib/x86_64-linux-gnu/libompl.so" />
					<Add library="/usr/local/lib/x86_64-linux-gnu/libompl_app.so" />
					<Add library="/usr/lib/x86_64-linux-gnu/libtinyxml.so" />
					<Add library="/usr/local/lib/x86_64-linux-gnu/libompl_app_base.so" />
					<Add library="/usr/lib/libarmadillo.so" />
					<Add directory="/usr/local/lib" />
					<Add directory="/usr/lib/x86_64-linux-gnu" />
					<Add directory="/usr/lib" />
					<Add directory="/usr/local/lib/x86_64-linux-gnu" />
				</Linker>
			</Target>
			<Target title="Release">
				<Option output="bin/Release/FIRM-OMPL" prefix_auto="1" extension_auto="1" />
				<Option object_output="obj/Release/" />
				<Option type="1" />
				<Option compiler="gcc" />
				<Compiler>
					<Add option="-O2" />
				</Compiler>
				<Linker>
					<Add option="-s" />
				</Linker>
			</Target>
		</Build>
		<Compiler>
			<Add option="-Wall" />
			<Add option="-fexceptions" />
			<Add directory="/home/saurav/Research/Softwares/omplapp/ompl/src" />
		</Compiler>
		<Unit filename="Doxyfile" />
		<Unit filename="FIRM-OMPL_linux.depend" />
		<Unit filename="FIRM-OMPL_linux.layout" />
		<Unit filename="FIRM2DSetup.h" />
		<Unit filename="FIRMCarrotSetup.h" />
		<Unit filename="FIRMOMPL.h" />
		<Unit filename="FIRMOMPLCarrot.h" />
		<Unit filename="Models/CorridoorWorld1.obj" />
		<Unit filename="Models/CorridoorWorld2.obj" />
		<Unit filename="Models/FIRMEnvExp2.obj" />
		<Unit filename="Models/ICRA2015Exp1.obj" />
		<Unit filename="Models/ICRA2015Exp2.obj" />
		<Unit filename="Models/MMEnvExp1.obj" />
		<Unit filename="Models/MMEnvExp2.obj" />
		<Unit filename="Models/MMEnvExp3.obj" />
		<Unit filename="Models/MMEnvExp4.obj" />
		<Unit filename="Models/iRobot.obj" />
		<Unit filename="Models/simpleFIRMEnv.obj" />
		<Unit filename="Models/simpleICreate.obj" />
		<Unit filename="Models/simpleICreate2.obj" />
		<Unit filename="MultiModalSetup.h" />
		<Unit filename="README.txt" />
		<Unit filename="SavedRoadMaps/FIRMRoadMap-Exp1.xml" />
		<Unit filename="SavedRoadMaps/FIRMRoadMap_4CornerWorld.xml" />
		<Unit filename="SavedRoadMaps/FIRMRoadMap_CorridoorWorld1-FIRM.xml" />
		<Unit filename="SavedRoadMaps/FIRMRoadMap_CorridoorWorld2-FIRM.xml" />
		<Unit filename="SavedRoadMaps/FIRMRoadMap_ICRA_Exp1_09_10_6pm.xml" />
		<Unit filename="SavedRoadMaps/FIRMRoadMap_ICRA_Exp1_09_11.xml" />
		<Unit filename="SavedRoadMaps/FIRMRoadMap_ICRA_Exp2_09_12.xml" />
		<Unit filename="SavedRoadMaps/FIRMRoadMap_ICRA_Exp2_09_12v2.xml" />
		<Unit filename="SetupFiles/CarrotWorld.xml" />
		<Unit filename="SetupFiles/Setup4CornerWorld.xml" />
		<Unit filename="SetupFiles/SetupCorridoorWorld1-FIRM.xml" />
		<Unit filename="SetupFiles/SetupCorridoorWorld2-FIRM.xml" />
		<Unit filename="SetupFiles/SetupFIRMExp1.xml" />
		<Unit filename="SetupFiles/SetupFIRMExp2.xml" />
		<Unit filename="SetupFiles/SetupICRA2015Exp1-FIRM.xml" />
		<Unit filename="SetupFiles/SetupICRA2015Exp1.xml" />
		<Unit filename="SetupFiles/SetupICRA2015Exp2-FIRM.xml" />
		<Unit filename="SetupFiles/SetupMM1.xml" />
		<Unit filename="SetupFiles/SetupMM2.xml" />
		<Unit filename="SetupFiles/SetupMM2b.xml" />
		<Unit filename="SetupFiles/SetupMM3.xml" />
		<Unit filename="SetupFiles/SetupMM4.xml" />
		<Unit filename="SetupFiles/SetupMM5.xml" />
		<Unit filename="SetupFiles/SetupMM6.xml" />
		<Unit filename="SetupFiles/SetupOriginal.xml" />
		<Unit filename="Tests.h" />
		<Unit filename="doxygen/html/_actuation_system_method_8h_source.html" />
		<Unit filename="doxygen/html/_cam_aruco2_d_observation_model_8h_source.html" />
		<Unit filename="doxygen/html/_controller_8h_source.html" />
		<Unit filename="doxygen/html/_extended_k_f_8h_source.html" />
		<Unit filename="doxygen/html/_f_i_r_m_8h_source.html" />
		<Unit filename="doxygen/html/_f_i_r_m_o_m_p_l_8h_source.html" />
		<Unit filename="doxygen/html/_f_i_r_m_optimization_objective_8h_source.html" />
		<Unit filename="doxygen/html/_f_i_r_m_validity_checker_8h_source.html" />
		<Unit filename="doxygen/html/_f_i_r_m_weight_8h_source.html" />
		<Unit filename="doxygen/html/_feedback_path_8h_source.html" />
		<Unit filename="doxygen/html/_gaussian_valid_belief_sampler_8h_source.html" />
		<Unit filename="doxygen/html/_goal_visitor_8hpp_source.html" />
		<Unit filename="doxygen/html/_kalman_filter_method_8h_source.html" />
		<Unit filename="doxygen/html/_linear_system_8h_source.html" />
		<Unit filename="doxygen/html/_linearized_k_f_8h_source.html" />
		<Unit filename="doxygen/html/_motion_model_l_p_8h_source.html" />
		<Unit filename="doxygen/html/_motion_model_method_8h_source.html" />
		<Unit filename="doxygen/html/_observation_model_method_8h_source.html" />
		<Unit filename="doxygen/html/_r_h_c_i_create_8h_source.html" />
		<Unit filename="doxygen/html/_s_e2_belief_space_8h_source.html" />
		<Unit filename="doxygen/html/_separated_controller_method_8h_source.html" />
		<Unit filename="doxygen/html/_simulated_actuation_system_8h_source.html" />
		<Unit filename="doxygen/html/_space_information_8h_source.html" />
		<Unit filename="doxygen/html/_tests_8h_source.html" />
		<Unit filename="doxygen/html/_unicycle_motion_model_8h_source.html" />
		<Unit filename="doxygen/html/_unicycle_state_propagator_8h_source.html" />
		<Unit filename="doxygen/html/_uniform_valid_belief_sampler_8h_source.html" />
		<Unit filename="doxygen/html/annotated.html" />
		<Unit filename="doxygen/html/bc_s.png" />
		<Unit filename="doxygen/html/class_actuation_system_method-members.html" />
		<Unit filename="doxygen/html/class_actuation_system_method.html" />
		<Unit filename="doxygen/html/class_actuation_system_method__inherit__graph.map" />
		<Unit filename="doxygen/html/class_actuation_system_method__inherit__graph.md5" />
		<Unit filename="doxygen/html/class_actuation_system_method__inherit__graph.png" />
		<Unit filename="doxygen/html/class_cam_aruco2_d_observation_model-members.html" />
		<Unit filename="doxygen/html/class_cam_aruco2_d_observation_model.html" />
		<Unit filename="doxygen/html/class_cam_aruco2_d_observation_model__coll__graph.map" />
		<Unit filename="doxygen/html/class_cam_aruco2_d_observation_model__coll__graph.md5" />
		<Unit filename="doxygen/html/class_cam_aruco2_d_observation_model__coll__graph.png" />
		<Unit filename="doxygen/html/class_cam_aruco2_d_observation_model__inherit__graph.map" />
		<Unit filename="doxygen/html/class_cam_aruco2_d_observation_model__inherit__graph.md5" />
		<Unit filename="doxygen/html/class_cam_aruco2_d_observation_model__inherit__graph.png" />
		<Unit filename="doxygen/html/class_controller-members.html" />
		<Unit filename="doxygen/html/class_controller.html" />
		<Unit filename="doxygen/html/class_extended_k_f-members.html" />
		<Unit filename="doxygen/html/class_extended_k_f.html" />
		<Unit filename="doxygen/html/class_extended_k_f__coll__graph.map" />
		<Unit filename="doxygen/html/class_extended_k_f__coll__graph.md5" />
		<Unit filename="doxygen/html/class_extended_k_f__coll__graph.png" />
		<Unit filename="doxygen/html/class_extended_k_f__inherit__graph.map" />
		<Unit filename="doxygen/html/class_extended_k_f__inherit__graph.md5" />
		<Unit filename="doxygen/html/class_extended_k_f__inherit__graph.png" />
		<Unit filename="doxygen/html/class_f_i_r_m-members.html" />
		<Unit filename="doxygen/html/class_f_i_r_m.html" />
		<Unit filename="doxygen/html/class_f_i_r_m_optimization_objective-members.html" />
		<Unit filename="doxygen/html/class_f_i_r_m_optimization_objective.html" />
		<Unit filename="doxygen/html/class_f_i_r_m_optimization_objective__coll__graph.map" />
		<Unit filename="doxygen/html/class_f_i_r_m_optimization_objective__coll__graph.md5" />
		<Unit filename="doxygen/html/class_f_i_r_m_optimization_objective__coll__graph.png" />
		<Unit filename="doxygen/html/class_f_i_r_m_validity_checker-members.html" />
		<Unit filename="doxygen/html/class_f_i_r_m_validity_checker.html" />
		<Unit filename="doxygen/html/class_f_i_r_m_weight-members.html" />
		<Unit filename="doxygen/html/class_f_i_r_m_weight.html" />
		<Unit filename="doxygen/html/class_feedback_path-members.html" />
		<Unit filename="doxygen/html/class_feedback_path.html" />
		<Unit filename="doxygen/html/class_gaussian_valid_belief_sampler-members.html" />
		<Unit filename="doxygen/html/class_gaussian_valid_belief_sampler.html" />
		<Unit filename="doxygen/html/class_kalman_filter_method-members.html" />
		<Unit filename="doxygen/html/class_kalman_filter_method.html" />
		<Unit filename="doxygen/html/class_kalman_filter_method__inherit__graph.map" />
		<Unit filename="doxygen/html/class_kalman_filter_method__inherit__graph.md5" />
		<Unit filename="doxygen/html/class_kalman_filter_method__inherit__graph.png" />
		<Unit filename="doxygen/html/class_linear_system-members.html" />
		<Unit filename="doxygen/html/class_linear_system.html" />
		<Unit filename="doxygen/html/class_linearized_k_f-members.html" />
		<Unit filename="doxygen/html/class_linearized_k_f.html" />
		<Unit filename="doxygen/html/class_linearized_k_f__coll__graph.map" />
		<Unit filename="doxygen/html/class_linearized_k_f__coll__graph.md5" />
		<Unit filename="doxygen/html/class_linearized_k_f__coll__graph.png" />
		<Unit filename="doxygen/html/class_linearized_k_f__inherit__graph.map" />
		<Unit filename="doxygen/html/class_linearized_k_f__inherit__graph.md5" />
		<Unit filename="doxygen/html/class_linearized_k_f__inherit__graph.png" />
		<Unit filename="doxygen/html/class_motion_model_method-members.html" />
		<Unit filename="doxygen/html/class_motion_model_method.html" />
		<Unit filename="doxygen/html/class_motion_model_method__inherit__graph.map" />
		<Unit filename="doxygen/html/class_motion_model_method__inherit__graph.md5" />
		<Unit filename="doxygen/html/class_motion_model_method__inherit__graph.png" />
		<Unit filename="doxygen/html/class_observation_model_method-members.html" />
		<Unit filename="doxygen/html/class_observation_model_method.html" />
		<Unit filename="doxygen/html/class_observation_model_method__inherit__graph.map" />
		<Unit filename="doxygen/html/class_observation_model_method__inherit__graph.md5" />
		<Unit filename="doxygen/html/class_observation_model_method__inherit__graph.png" />
		<Unit filename="doxygen/html/class_r_h_c_i_create-members.html" />
		<Unit filename="doxygen/html/class_r_h_c_i_create.html" />
		<Unit filename="doxygen/html/class_r_h_c_i_create__coll__graph.map" />
		<Unit filename="doxygen/html/class_r_h_c_i_create__coll__graph.md5" />
		<Unit filename="doxygen/html/class_r_h_c_i_create__coll__graph.png" />
		<Unit filename="doxygen/html/class_r_h_c_i_create__inherit__graph.map" />
		<Unit filename="doxygen/html/class_r_h_c_i_create__inherit__graph.md5" />
		<Unit filename="doxygen/html/class_r_h_c_i_create__inherit__graph.png" />
		<Unit filename="doxygen/html/class_s_e2_belief_space-members.html" />
		<Unit filename="doxygen/html/class_s_e2_belief_space.html" />
		<Unit filename="doxygen/html/class_s_e2_belief_space_1_1_state_type-members.html" />
		<Unit filename="doxygen/html/class_s_e2_belief_space_1_1_state_type.html" />
		<Unit filename="doxygen/html/class_separated_controller_method-members.html" />
		<Unit filename="doxygen/html/class_separated_controller_method.html" />
		<Unit filename="doxygen/html/class_separated_controller_method__inherit__graph.map" />
		<Unit filename="doxygen/html/class_separated_controller_method__inherit__graph.md5" />
		<Unit filename="doxygen/html/class_separated_controller_method__inherit__graph.png" />
		<Unit filename="doxygen/html/class_simulated_actuation_system-members.html" />
		<Unit filename="doxygen/html/class_simulated_actuation_system.html" />
		<Unit filename="doxygen/html/class_simulated_actuation_system__coll__graph.map" />
		<Unit filename="doxygen/html/class_simulated_actuation_system__coll__graph.md5" />
		<Unit filename="doxygen/html/class_simulated_actuation_system__coll__graph.png" />
		<Unit filename="doxygen/html/class_simulated_actuation_system__inherit__graph.map" />
		<Unit filename="doxygen/html/class_simulated_actuation_system__inherit__graph.md5" />
		<Unit filename="doxygen/html/class_simulated_actuation_system__inherit__graph.png" />
		<Unit filename="doxygen/html/class_ti_xml_attribute-members.html" />
		<Unit filename="doxygen/html/class_ti_xml_attribute.html" />
		<Unit filename="doxygen/html/class_ti_xml_attribute__coll__graph.map" />
		<Unit filename="doxygen/html/class_ti_xml_attribute__coll__graph.md5" />
		<Unit filename="doxygen/html/class_ti_xml_attribute__coll__graph.png" />
		<Unit filename="doxygen/html/class_ti_xml_attribute__inherit__graph.map" />
		<Unit filename="doxygen/html/class_ti_xml_attribute__inherit__graph.md5" />
		<Unit filename="doxygen/html/class_ti_xml_attribute__inherit__graph.png" />
		<Unit filename="doxygen/html/class_ti_xml_attribute_set-members.html" />
		<Unit filename="doxygen/html/class_ti_xml_attribute_set.html" />
		<Unit filename="doxygen/html/class_ti_xml_base-members.html" />
		<Unit filename="doxygen/html/class_ti_xml_base.html" />
		<Unit filename="doxygen/html/class_ti_xml_base__coll__graph.map" />
		<Unit filename="doxygen/html/class_ti_xml_base__coll__graph.md5" />
		<Unit filename="doxygen/html/class_ti_xml_base__coll__graph.png" />
		<Unit filename="doxygen/html/class_ti_xml_base__inherit__graph.map" />
		<Unit filename="doxygen/html/class_ti_xml_base__inherit__graph.md5" />
		<Unit filename="doxygen/html/class_ti_xml_base__inherit__graph.png" />
		<Unit filename="doxygen/html/class_ti_xml_comment-members.html" />
		<Unit filename="doxygen/html/class_ti_xml_comment.html" />
		<Unit filename="doxygen/html/class_ti_xml_comment__coll__graph.map" />
		<Unit filename="doxygen/html/class_ti_xml_comment__coll__graph.md5" />
		<Unit filename="doxygen/html/class_ti_xml_comment__coll__graph.png" />
		<Unit filename="doxygen/html/class_ti_xml_comment__inherit__graph.map" />
		<Unit filename="doxygen/html/class_ti_xml_comment__inherit__graph.md5" />
		<Unit filename="doxygen/html/class_ti_xml_comment__inherit__graph.png" />
		<Unit filename="doxygen/html/class_ti_xml_declaration-members.html" />
		<Unit filename="doxygen/html/class_ti_xml_declaration.html" />
		<Unit filename="doxygen/html/class_ti_xml_declaration__coll__graph.map" />
		<Unit filename="doxygen/html/class_ti_xml_declaration__coll__graph.md5" />
		<Unit filename="doxygen/html/class_ti_xml_declaration__coll__graph.png" />
		<Unit filename="doxygen/html/class_ti_xml_declaration__inherit__graph.map" />
		<Unit filename="doxygen/html/class_ti_xml_declaration__inherit__graph.md5" />
		<Unit filename="doxygen/html/class_ti_xml_declaration__inherit__graph.png" />
		<Unit filename="doxygen/html/class_ti_xml_document-members.html" />
		<Unit filename="doxygen/html/class_ti_xml_document.html" />
		<Unit filename="doxygen/html/class_ti_xml_document__coll__graph.map" />
		<Unit filename="doxygen/html/class_ti_xml_document__coll__graph.md5" />
		<Unit filename="doxygen/html/class_ti_xml_document__coll__graph.png" />
		<Unit filename="doxygen/html/class_ti_xml_document__inherit__graph.map" />
		<Unit filename="doxygen/html/class_ti_xml_document__inherit__graph.md5" />
		<Unit filename="doxygen/html/class_ti_xml_document__inherit__graph.png" />
		<Unit filename="doxygen/html/class_ti_xml_element-members.html" />
		<Unit filename="doxygen/html/class_ti_xml_element.html" />
		<Unit filename="doxygen/html/class_ti_xml_element__coll__graph.map" />
		<Unit filename="doxygen/html/class_ti_xml_element__coll__graph.md5" />
		<Unit filename="doxygen/html/class_ti_xml_element__coll__graph.png" />
		<Unit filename="doxygen/html/class_ti_xml_element__inherit__graph.map" />
		<Unit filename="doxygen/html/class_ti_xml_element__inherit__graph.md5" />
		<Unit filename="doxygen/html/class_ti_xml_element__inherit__graph.png" />
		<Unit filename="doxygen/html/class_ti_xml_handle-members.html" />
		<Unit filename="doxygen/html/class_ti_xml_handle.html" />
		<Unit filename="doxygen/html/class_ti_xml_node-members.html" />
		<Unit filename="doxygen/html/class_ti_xml_node.html" />
		<Unit filename="doxygen/html/class_ti_xml_node__coll__graph.map" />
		<Unit filename="doxygen/html/class_ti_xml_node__coll__graph.md5" />
		<Unit filename="doxygen/html/class_ti_xml_node__coll__graph.png" />
		<Unit filename="doxygen/html/class_ti_xml_node__inherit__graph.map" />
		<Unit filename="doxygen/html/class_ti_xml_node__inherit__graph.md5" />
		<Unit filename="doxygen/html/class_ti_xml_node__inherit__graph.png" />
		<Unit filename="doxygen/html/class_ti_xml_out_stream-members.html" />
		<Unit filename="doxygen/html/class_ti_xml_out_stream.html" />
		<Unit filename="doxygen/html/class_ti_xml_out_stream__coll__graph.map" />
		<Unit filename="doxygen/html/class_ti_xml_out_stream__coll__graph.md5" />
		<Unit filename="doxygen/html/class_ti_xml_out_stream__coll__graph.png" />
		<Unit filename="doxygen/html/class_ti_xml_out_stream__inherit__graph.map" />
		<Unit filename="doxygen/html/class_ti_xml_out_stream__inherit__graph.md5" />
		<Unit filename="doxygen/html/class_ti_xml_out_stream__inherit__graph.png" />
		<Unit filename="doxygen/html/class_ti_xml_parsing_data-members.html" />
		<Unit filename="doxygen/html/class_ti_xml_parsing_data.html" />
		<Unit filename="doxygen/html/class_ti_xml_printer-members.html" />
		<Unit filename="doxygen/html/class_ti_xml_printer.html" />
		<Unit filename="doxygen/html/class_ti_xml_printer__coll__graph.map" />
		<Unit filename="doxygen/html/class_ti_xml_printer__coll__graph.md5" />
		<Unit filename="doxygen/html/class_ti_xml_printer__coll__graph.png" />
		<Unit filename="doxygen/html/class_ti_xml_printer__inherit__graph.map" />
		<Unit filename="doxygen/html/class_ti_xml_printer__inherit__graph.md5" />
		<Unit filename="doxygen/html/class_ti_xml_printer__inherit__graph.png" />
		<Unit filename="doxygen/html/class_ti_xml_string-members.html" />
		<Unit filename="doxygen/html/class_ti_xml_string.html" />
		<Unit filename="doxygen/html/class_ti_xml_string__inherit__graph.map" />
		<Unit filename="doxygen/html/class_ti_xml_string__inherit__graph.md5" />
		<Unit filename="doxygen/html/class_ti_xml_string__inherit__graph.png" />
		<Unit filename="doxygen/html/class_ti_xml_text-members.html" />
		<Unit filename="doxygen/html/class_ti_xml_text.html" />
		<Unit filename="doxygen/html/class_ti_xml_text__coll__graph.map" />
		<Unit filename="doxygen/html/class_ti_xml_text__coll__graph.md5" />
		<Unit filename="doxygen/html/class_ti_xml_text__coll__graph.png" />
		<Unit filename="doxygen/html/class_ti_xml_text__inherit__graph.map" />
		<Unit filename="doxygen/html/class_ti_xml_text__inherit__graph.md5" />
		<Unit filename="doxygen/html/class_ti_xml_text__inherit__graph.png" />
		<Unit filename="doxygen/html/class_ti_xml_unknown-members.html" />
		<Unit filename="doxygen/html/class_ti_xml_unknown.html" />
		<Unit filename="doxygen/html/class_ti_xml_unknown__coll__graph.map" />
		<Unit filename="doxygen/html/class_ti_xml_unknown__coll__graph.md5" />
		<Unit filename="doxygen/html/class_ti_xml_unknown__coll__graph.png" />
		<Unit filename="doxygen/html/class_ti_xml_unknown__inherit__graph.map" />
		<Unit filename="doxygen/html/class_ti_xml_unknown__inherit__graph.md5" />
		<Unit filename="doxygen/html/class_ti_xml_unknown__inherit__graph.png" />
		<Unit filename="doxygen/html/class_ti_xml_visitor-members.html" />
		<Unit filename="doxygen/html/class_ti_xml_visitor.html" />
		<Unit filename="doxygen/html/class_ti_xml_visitor__inherit__graph.map" />
		<Unit filename="doxygen/html/class_ti_xml_visitor__inherit__graph.md5" />
		<Unit filename="doxygen/html/class_ti_xml_visitor__inherit__graph.png" />
		<Unit filename="doxygen/html/class_unicycle_motion_model-members.html" />
		<Unit filename="doxygen/html/class_unicycle_motion_model.html" />
		<Unit filename="doxygen/html/class_unicycle_motion_model__coll__graph.map" />
		<Unit filename="doxygen/html/class_unicycle_motion_model__coll__graph.md5" />
		<Unit filename="doxygen/html/class_unicycle_motion_model__coll__graph.png" />
		<Unit filename="doxygen/html/class_unicycle_motion_model__inherit__graph.map" />
		<Unit filename="doxygen/html/class_unicycle_motion_model__inherit__graph.md5" />
		<Unit filename="doxygen/html/class_unicycle_motion_model__inherit__graph.png" />
		<Unit filename="doxygen/html/class_unicycle_state_propagator-members.html" />
		<Unit filename="doxygen/html/class_unicycle_state_propagator.html" />
		<Unit filename="doxygen/html/class_uniform_valid_belief_sampler-members.html" />
		<Unit filename="doxygen/html/class_uniform_valid_belief_sampler.html" />
		<Unit filename="doxygen/html/classes.html" />
		<Unit filename="doxygen/html/classfirm_1_1_space_information-members.html" />
		<Unit filename="doxygen/html/classfirm_1_1_space_information.html" />
		<Unit filename="doxygen/html/closed.png" />
		<Unit filename="doxygen/html/dare_8h_source.html" />
		<Unit filename="doxygen/html/deprecated.html" />
		<Unit filename="doxygen/html/doxygen.css" />
		<Unit filename="doxygen/html/doxygen.png" />
		<Unit filename="doxygen/html/files.html" />
		<Unit filename="doxygen/html/functions.html" />
		<Unit filename="doxygen/html/functions_0x63.html" />
		<Unit filename="doxygen/html/functions_0x64.html" />
		<Unit filename="doxygen/html/functions_0x65.html" />
		<Unit filename="doxygen/html/functions_0x66.html" />
		<Unit filename="doxygen/html/functions_0x67.html" />
		<Unit filename="doxygen/html/functions_0x68.html" />
		<Unit filename="doxygen/html/functions_0x69.html" />
		<Unit filename="doxygen/html/functions_0x6c.html" />
		<Unit filename="doxygen/html/functions_0x6d.html" />
		<Unit filename="doxygen/html/functions_0x6e.html" />
		<Unit filename="doxygen/html/functions_0x6f.html" />
		<Unit filename="doxygen/html/functions_0x70.html" />
		<Unit filename="doxygen/html/functions_0x71.html" />
		<Unit filename="doxygen/html/functions_0x72.html" />
		<Unit filename="doxygen/html/functions_0x73.html" />
		<Unit filename="doxygen/html/functions_0x74.html" />
		<Unit filename="doxygen/html/functions_0x75.html" />
		<Unit filename="doxygen/html/functions_0x76.html" />
		<Unit filename="doxygen/html/functions_0x77.html" />
		<Unit filename="doxygen/html/functions_enum.html" />
		<Unit filename="doxygen/html/functions_func.html" />
		<Unit filename="doxygen/html/functions_func_0x63.html" />
		<Unit filename="doxygen/html/functions_func_0x64.html" />
		<Unit filename="doxygen/html/functions_func_0x65.html" />
		<Unit filename="doxygen/html/functions_func_0x66.html" />
		<Unit filename="doxygen/html/functions_func_0x67.html" />
		<Unit filename="doxygen/html/functions_func_0x68.html" />
		<Unit filename="doxygen/html/functions_func_0x69.html" />
		<Unit filename="doxygen/html/functions_func_0x6c.html" />
		<Unit filename="doxygen/html/functions_func_0x6d.html" />
		<Unit filename="doxygen/html/functions_func_0x6e.html" />
		<Unit filename="doxygen/html/functions_func_0x70.html" />
		<Unit filename="doxygen/html/functions_func_0x71.html" />
		<Unit filename="doxygen/html/functions_func_0x72.html" />
		<Unit filename="doxygen/html/functions_func_0x73.html" />
		<Unit filename="doxygen/html/functions_func_0x74.html" />
		<Unit filename="doxygen/html/functions_func_0x75.html" />
		<Unit filename="doxygen/html/functions_func_0x76.html" />
		<Unit filename="doxygen/html/functions_type.html" />
		<Unit filename="doxygen/html/functions_vars.html" />
		<Unit filename="doxygen/html/graph_legend.html" />
		<Unit filename="doxygen/html/graph_legend.md5" />
		<Unit filename="doxygen/html/graph_legend.png" />
		<Unit filename="doxygen/html/hierarchy.html" />
		<Unit filename="doxygen/html/index.html" />
		<Unit filename="doxygen/html/inherit_graph_0.map" />
		<Unit filename="doxygen/html/inherit_graph_0.md5" />
		<Unit filename="doxygen/html/inherit_graph_0.png" />
		<Unit filename="doxygen/html/inherit_graph_1.map" />
		<Unit filename="doxygen/html/inherit_graph_1.md5" />
		<Unit filename="doxygen/html/inherit_graph_1.png" />
		<Unit filename="doxygen/html/inherit_graph_10.map" />
		<Unit filename="doxygen/html/inherit_graph_10.md5" />
		<Unit filename="doxygen/html/inherit_graph_10.png" />
		<Unit filename="doxygen/html/inherit_graph_11.map" />
		<Unit filename="doxygen/html/inherit_graph_11.md5" />
		<Unit filename="doxygen/html/inherit_graph_11.png" />
		<Unit filename="doxygen/html/inherit_graph_12.map" />
		<Unit filename="doxygen/html/inherit_graph_12.md5" />
		<Unit filename="doxygen/html/inherit_graph_12.png" />
		<Unit filename="doxygen/html/inherit_graph_13.map" />
		<Unit filename="doxygen/html/inherit_graph_13.md5" />
		<Unit filename="doxygen/html/inherit_graph_13.png" />
		<Unit filename="doxygen/html/inherit_graph_14.map" />
		<Unit filename="doxygen/html/inherit_graph_14.md5" />
		<Unit filename="doxygen/html/inherit_graph_14.png" />
		<Unit filename="doxygen/html/inherit_graph_15.map" />
		<Unit filename="doxygen/html/inherit_graph_15.md5" />
		<Unit filename="doxygen/html/inherit_graph_15.png" />
		<Unit filename="doxygen/html/inherit_graph_16.map" />
		<Unit filename="doxygen/html/inherit_graph_16.md5" />
		<Unit filename="doxygen/html/inherit_graph_16.png" />
		<Unit filename="doxygen/html/inherit_graph_17.map" />
		<Unit filename="doxygen/html/inherit_graph_17.md5" />
		<Unit filename="doxygen/html/inherit_graph_17.png" />
		<Unit filename="doxygen/html/inherit_graph_18.map" />
		<Unit filename="doxygen/html/inherit_graph_18.md5" />
		<Unit filename="doxygen/html/inherit_graph_18.png" />
		<Unit filename="doxygen/html/inherit_graph_19.map" />
		<Unit filename="doxygen/html/inherit_graph_19.md5" />
		<Unit filename="doxygen/html/inherit_graph_19.png" />
		<Unit filename="doxygen/html/inherit_graph_2.map" />
		<Unit filename="doxygen/html/inherit_graph_2.md5" />
		<Unit filename="doxygen/html/inherit_graph_2.png" />
		<Unit filename="doxygen/html/inherit_graph_20.map" />
		<Unit filename="doxygen/html/inherit_graph_20.md5" />
		<Unit filename="doxygen/html/inherit_graph_20.png" />
		<Unit filename="doxygen/html/inherit_graph_21.map" />
		<Unit filename="doxygen/html/inherit_graph_21.md5" />
		<Unit filename="doxygen/html/inherit_graph_21.png" />
		<Unit filename="doxygen/html/inherit_graph_22.map" />
		<Unit filename="doxygen/html/inherit_graph_22.md5" />
		<Unit filename="doxygen/html/inherit_graph_22.png" />
		<Unit filename="doxygen/html/inherit_graph_23.map" />
		<Unit filename="doxygen/html/inherit_graph_23.md5" />
		<Unit filename="doxygen/html/inherit_graph_23.png" />
		<Unit filename="doxygen/html/inherit_graph_24.map" />
		<Unit filename="doxygen/html/inherit_graph_24.md5" />
		<Unit filename="doxygen/html/inherit_graph_24.png" />
		<Unit filename="doxygen/html/inherit_graph_25.map" />
		<Unit filename="doxygen/html/inherit_graph_25.md5" />
		<Unit filename="doxygen/html/inherit_graph_25.png" />
		<Unit filename="doxygen/html/inherit_graph_26.map" />
		<Unit filename="doxygen/html/inherit_graph_26.md5" />
		<Unit filename="doxygen/html/inherit_graph_26.png" />
		<Unit filename="doxygen/html/inherit_graph_27.map" />
		<Unit filename="doxygen/html/inherit_graph_27.md5" />
		<Unit filename="doxygen/html/inherit_graph_27.png" />
		<Unit filename="doxygen/html/inherit_graph_28.map" />
		<Unit filename="doxygen/html/inherit_graph_28.md5" />
		<Unit filename="doxygen/html/inherit_graph_28.png" />
		<Unit filename="doxygen/html/inherit_graph_29.map" />
		<Unit filename="doxygen/html/inherit_graph_29.md5" />
		<Unit filename="doxygen/html/inherit_graph_29.png" />
		<Unit filename="doxygen/html/inherit_graph_3.map" />
		<Unit filename="doxygen/html/inherit_graph_3.md5" />
		<Unit filename="doxygen/html/inherit_graph_3.png" />
		<Unit filename="doxygen/html/inherit_graph_30.map" />
		<Unit filename="doxygen/html/inherit_graph_30.md5" />
		<Unit filename="doxygen/html/inherit_graph_30.png" />
		<Unit filename="doxygen/html/inherit_graph_31.map" />
		<Unit filename="doxygen/html/inherit_graph_31.md5" />
		<Unit filename="doxygen/html/inherit_graph_31.png" />
		<Unit filename="doxygen/html/inherit_graph_4.map" />
		<Unit filename="doxygen/html/inherit_graph_4.md5" />
		<Unit filename="doxygen/html/inherit_graph_4.png" />
		<Unit filename="doxygen/html/inherit_graph_5.map" />
		<Unit filename="doxygen/html/inherit_graph_5.md5" />
		<Unit filename="doxygen/html/inherit_graph_5.png" />
		<Unit filename="doxygen/html/inherit_graph_6.map" />
		<Unit filename="doxygen/html/inherit_graph_6.md5" />
		<Unit filename="doxygen/html/inherit_graph_6.png" />
		<Unit filename="doxygen/html/inherit_graph_7.map" />
		<Unit filename="doxygen/html/inherit_graph_7.md5" />
		<Unit filename="doxygen/html/inherit_graph_7.png" />
		<Unit filename="doxygen/html/inherit_graph_8.map" />
		<Unit filename="doxygen/html/inherit_graph_8.md5" />
		<Unit filename="doxygen/html/inherit_graph_8.png" />
		<Unit filename="doxygen/html/inherit_graph_9.map" />
		<Unit filename="doxygen/html/inherit_graph_9.md5" />
		<Unit filename="doxygen/html/inherit_graph_9.png" />
		<Unit filename="doxygen/html/inherits.html" />
		<Unit filename="doxygen/html/installdox" />
		<Unit filename="doxygen/html/jquery.js" />
		<Unit filename="doxygen/html/namespacefirm.html" />
		<Unit filename="doxygen/html/namespaces.html" />
		<Unit filename="doxygen/html/nav_f.png" />
		<Unit filename="doxygen/html/nav_h.png" />
		<Unit filename="doxygen/html/open.png" />
		<Unit filename="doxygen/html/pages.html" />
		<Unit filename="doxygen/html/search/all_61.html" />
		<Unit filename="doxygen/html/search/all_61.js" />
		<Unit filename="doxygen/html/search/all_63.html" />
		<Unit filename="doxygen/html/search/all_63.js" />
		<Unit filename="doxygen/html/search/all_64.html" />
		<Unit filename="doxygen/html/search/all_64.js" />
		<Unit filename="doxygen/html/search/all_65.html" />
		<Unit filename="doxygen/html/search/all_65.js" />
		<Unit filename="doxygen/html/search/all_66.html" />
		<Unit filename="doxygen/html/search/all_66.js" />
		<Unit filename="doxygen/html/search/all_67.html" />
		<Unit filename="doxygen/html/search/all_67.js" />
		<Unit filename="doxygen/html/search/all_68.html" />
		<Unit filename="doxygen/html/search/all_68.js" />
		<Unit filename="doxygen/html/search/all_69.html" />
		<Unit filename="doxygen/html/search/all_69.js" />
		<Unit filename="doxygen/html/search/all_6b.html" />
		<Unit filename="doxygen/html/search/all_6b.js" />
		<Unit filename="doxygen/html/search/all_6c.html" />
		<Unit filename="doxygen/html/search/all_6c.js" />
		<Unit filename="doxygen/html/search/all_6d.html" />
		<Unit filename="doxygen/html/search/all_6d.js" />
		<Unit filename="doxygen/html/search/all_6e.html" />
		<Unit filename="doxygen/html/search/all_6e.js" />
		<Unit filename="doxygen/html/search/all_6f.html" />
		<Unit filename="doxygen/html/search/all_6f.js" />
		<Unit filename="doxygen/html/search/all_70.html" />
		<Unit filename="doxygen/html/search/all_70.js" />
		<Unit filename="doxygen/html/search/all_71.html" />
		<Unit filename="doxygen/html/search/all_71.js" />
		<Unit filename="doxygen/html/search/all_72.html" />
		<Unit filename="doxygen/html/search/all_72.js" />
		<Unit filename="doxygen/html/search/all_73.html" />
		<Unit filename="doxygen/html/search/all_73.js" />
		<Unit filename="doxygen/html/search/all_74.html" />
		<Unit filename="doxygen/html/search/all_74.js" />
		<Unit filename="doxygen/html/search/all_75.html" />
		<Unit filename="doxygen/html/search/all_75.js" />
		<Unit filename="doxygen/html/search/all_76.html" />
		<Unit filename="doxygen/html/search/all_76.js" />
		<Unit filename="doxygen/html/search/all_77.html" />
		<Unit filename="doxygen/html/search/all_77.js" />
		<Unit filename="doxygen/html/search/classes_61.html" />
		<Unit filename="doxygen/html/search/classes_61.js" />
		<Unit filename="doxygen/html/search/classes_63.html" />
		<Unit filename="doxygen/html/search/classes_63.js" />
		<Unit filename="doxygen/html/search/classes_64.html" />
		<Unit filename="doxygen/html/search/classes_64.js" />
		<Unit filename="doxygen/html/search/classes_65.html" />
		<Unit filename="doxygen/html/search/classes_65.js" />
		<Unit filename="doxygen/html/search/classes_66.html" />
		<Unit filename="doxygen/html/search/classes_66.js" />
		<Unit filename="doxygen/html/search/classes_67.html" />
		<Unit filename="doxygen/html/search/classes_67.js" />
		<Unit filename="doxygen/html/search/classes_6b.html" />
		<Unit filename="doxygen/html/search/classes_6b.js" />
		<Unit filename="doxygen/html/search/classes_6c.html" />
		<Unit filename="doxygen/html/search/classes_6c.js" />
		<Unit filename="doxygen/html/search/classes_6d.html" />
		<Unit filename="doxygen/html/search/classes_6d.js" />
		<Unit filename="doxygen/html/search/classes_6f.html" />
		<Unit filename="doxygen/html/search/classes_6f.js" />
		<Unit filename="doxygen/html/search/classes_72.html" />
		<Unit filename="doxygen/html/search/classes_72.js" />
		<Unit filename="doxygen/html/search/classes_73.html" />
		<Unit filename="doxygen/html/search/classes_73.js" />
		<Unit filename="doxygen/html/search/classes_74.html" />
		<Unit filename="doxygen/html/search/classes_74.js" />
		<Unit filename="doxygen/html/search/classes_75.html" />
		<Unit filename="doxygen/html/search/classes_75.js" />
		<Unit filename="doxygen/html/search/classes_76.html" />
		<Unit filename="doxygen/html/search/classes_76.js" />
		<Unit filename="doxygen/html/search/close.png" />
		<Unit filename="doxygen/html/search/enums_6e.html" />
		<Unit filename="doxygen/html/search/enums_6e.js" />
		<Unit filename="doxygen/html/search/functions_61.html" />
		<Unit filename="doxygen/html/search/functions_61.js" />
		<Unit filename="doxygen/html/search/functions_63.html" />
		<Unit filename="doxygen/html/search/functions_63.js" />
		<Unit filename="doxygen/html/search/functions_64.html" />
		<Unit filename="doxygen/html/search/functions_64.js" />
		<Unit filename="doxygen/html/search/functions_65.html" />
		<Unit filename="doxygen/html/search/functions_65.js" />
		<Unit filename="doxygen/html/search/functions_66.html" />
		<Unit filename="doxygen/html/search/functions_66.js" />
		<Unit filename="doxygen/html/search/functions_67.html" />
		<Unit filename="doxygen/html/search/functions_67.js" />
		<Unit filename="doxygen/html/search/functions_68.html" />
		<Unit filename="doxygen/html/search/functions_68.js" />
		<Unit filename="doxygen/html/search/functions_69.html" />
		<Unit filename="doxygen/html/search/functions_69.js" />
		<Unit filename="doxygen/html/search/functions_6c.html" />
		<Unit filename="doxygen/html/search/functions_6c.js" />
		<Unit filename="doxygen/html/search/functions_6d.html" />
		<Unit filename="doxygen/html/search/functions_6d.js" />
		<Unit filename="doxygen/html/search/functions_6e.html" />
		<Unit filename="doxygen/html/search/functions_6e.js" />
		<Unit filename="doxygen/html/search/functions_70.html" />
		<Unit filename="doxygen/html/search/functions_70.js" />
		<Unit filename="doxygen/html/search/functions_71.html" />
		<Unit filename="doxygen/html/search/functions_71.js" />
		<Unit filename="doxygen/html/search/functions_72.html" />
		<Unit filename="doxygen/html/search/functions_72.js" />
		<Unit filename="doxygen/html/search/functions_73.html" />
		<Unit filename="doxygen/html/search/functions_73.js" />
		<Unit filename="doxygen/html/search/functions_74.html" />
		<Unit filename="doxygen/html/search/functions_74.js" />
		<Unit filename="doxygen/html/search/functions_75.html" />
		<Unit filename="doxygen/html/search/functions_75.js" />
		<Unit filename="doxygen/html/search/functions_76.html" />
		<Unit filename="doxygen/html/search/functions_76.js" />
		<Unit filename="doxygen/html/search/mag_sel.png" />
		<Unit filename="doxygen/html/search/namespaces_66.html" />
		<Unit filename="doxygen/html/search/namespaces_66.js" />
		<Unit filename="doxygen/html/search/nomatches.html" />
		<Unit filename="doxygen/html/search/search.css" />
		<Unit filename="doxygen/html/search/search.js" />
		<Unit filename="doxygen/html/search/search_l.png" />
		<Unit filename="doxygen/html/search/search_m.png" />
		<Unit filename="doxygen/html/search/search_r.png" />
		<Unit filename="doxygen/html/search/typedefs_63.html" />
		<Unit filename="doxygen/html/search/typedefs_63.js" />
		<Unit filename="doxygen/html/search/typedefs_65.html" />
		<Unit filename="doxygen/html/search/typedefs_65.js" />
		<Unit filename="doxygen/html/search/typedefs_67.html" />
		<Unit filename="doxygen/html/search/typedefs_67.js" />
		<Unit filename="doxygen/html/search/variables_61.html" />
		<Unit filename="doxygen/html/search/variables_61.js" />
		<Unit filename="doxygen/html/search/variables_63.html" />
		<Unit filename="doxygen/html/search/variables_63.js" />
		<Unit filename="doxygen/html/search/variables_64.html" />
		<Unit filename="doxygen/html/search/variables_64.js" />
		<Unit filename="doxygen/html/search/variables_65.html" />
		<Unit filename="doxygen/html/search/variables_65.js" />
		<Unit filename="doxygen/html/search/variables_66.html" />
		<Unit filename="doxygen/html/search/variables_66.js" />
		<Unit filename="doxygen/html/search/variables_67.html" />
		<Unit filename="doxygen/html/search/variables_67.js" />
		<Unit filename="doxygen/html/search/variables_6d.html" />
		<Unit filename="doxygen/html/search/variables_6d.js" />
		<Unit filename="doxygen/html/search/variables_6e.html" />
		<Unit filename="doxygen/html/search/variables_6e.js" />
		<Unit filename="doxygen/html/search/variables_6f.html" />
		<Unit filename="doxygen/html/search/variables_6f.js" />
		<Unit filename="doxygen/html/search/variables_72.html" />
		<Unit filename="doxygen/html/search/variables_72.js" />
		<Unit filename="doxygen/html/search/variables_73.html" />
		<Unit filename="doxygen/html/search/variables_73.js" />
		<Unit filename="doxygen/html/search/variables_74.html" />
		<Unit filename="doxygen/html/search/variables_74.js" />
		<Unit filename="doxygen/html/search/variables_75.html" />
		<Unit filename="doxygen/html/search/variables_75.js" />
		<Unit filename="doxygen/html/search/variables_77.html" />
		<Unit filename="doxygen/html/search/variables_77.js" />
		<Unit filename="doxygen/html/struct_double_value_comp-members.html" />
		<Unit filename="doxygen/html/struct_double_value_comp.html" />
		<Unit filename="doxygen/html/struct_edge_comp-members.html" />
		<Unit filename="doxygen/html/struct_edge_comp.html" />
		<Unit filename="doxygen/html/struct_f_i_r_m_1_1edge__flags__t-members.html" />
		<Unit filename="doxygen/html/struct_f_i_r_m_1_1edge__flags__t.html" />
		<Unit filename="doxygen/html/struct_f_i_r_m_1_1vertex__flags__t-members.html" />
		<Unit filename="doxygen/html/struct_f_i_r_m_1_1vertex__flags__t.html" />
		<Unit filename="doxygen/html/struct_f_i_r_m_1_1vertex__state__t-members.html" />
		<Unit filename="doxygen/html/struct_f_i_r_m_1_1vertex__state__t.html" />
		<Unit filename="doxygen/html/struct_f_i_r_m_1_1vertex__successful__connection__attempts__t-members.html" />
		<Unit filename="doxygen/html/struct_f_i_r_m_1_1vertex__successful__connection__attempts__t.html" />
		<Unit filename="doxygen/html/struct_f_i_r_m_1_1vertex__total__connection__attempts__t-members.html" />
		<Unit filename="doxygen/html/struct_f_i_r_m_1_1vertex__total__connection__attempts__t.html" />
		<Unit filename="doxygen/html/struct_ti_xml_cursor-members.html" />
		<Unit filename="doxygen/html/struct_ti_xml_cursor.html" />
		<Unit filename="doxygen/html/tab_a.png" />
		<Unit filename="doxygen/html/tab_b.png" />
		<Unit filename="doxygen/html/tab_h.png" />
		<Unit filename="doxygen/html/tab_s.png" />
		<Unit filename="doxygen/html/tabs.css" />
		<Unit filename="doxygen/html/tinystr_8h_source.html" />
		<Unit filename="doxygen/html/tinyxml_8h_source.html" />
		<Unit filename="doxygen/latex/Makefile" />
		<Unit filename="doxygen/latex/annotated.tex" />
		<Unit filename="doxygen/latex/class_actuation_system_method.tex" />
		<Unit filename="doxygen/latex/class_actuation_system_method__inherit__graph.md5" />
		<Unit filename="doxygen/latex/class_cam_aruco2_d_observation_model.tex" />
		<Unit filename="doxygen/latex/class_cam_aruco2_d_observation_model__coll__graph.md5" />
		<Unit filename="doxygen/latex/class_cam_aruco2_d_observation_model__inherit__graph.md5" />
		<Unit filename="doxygen/latex/class_controller.tex" />
		<Unit filename="doxygen/latex/class_extended_k_f.tex" />
		<Unit filename="doxygen/latex/class_extended_k_f__coll__graph.md5" />
		<Unit filename="doxygen/latex/class_extended_k_f__inherit__graph.md5" />
		<Unit filename="doxygen/latex/class_f_i_r_m.tex" />
		<Unit filename="doxygen/latex/class_f_i_r_m_optimization_objective.tex" />
		<Unit filename="doxygen/latex/class_f_i_r_m_optimization_objective__coll__graph.md5" />
		<Unit filename="doxygen/latex/class_f_i_r_m_validity_checker.tex" />
		<Unit filename="doxygen/latex/class_f_i_r_m_weight.tex" />
		<Unit filename="doxygen/latex/class_feedback_path.tex" />
		<Unit filename="doxygen/latex/class_gaussian_valid_belief_sampler.tex" />
		<Unit filename="doxygen/latex/class_kalman_filter_method.tex" />
		<Unit filename="doxygen/latex/class_kalman_filter_method__inherit__graph.md5" />
		<Unit filename="doxygen/latex/class_linear_system.tex" />
		<Unit filename="doxygen/latex/class_linearized_k_f.tex" />
		<Unit filename="doxygen/latex/class_linearized_k_f__coll__graph.md5" />
		<Unit filename="doxygen/latex/class_linearized_k_f__inherit__graph.md5" />
		<Unit filename="doxygen/latex/class_motion_model_method.tex" />
		<Unit filename="doxygen/latex/class_motion_model_method__inherit__graph.md5" />
		<Unit filename="doxygen/latex/class_observation_model_method.tex" />
		<Unit filename="doxygen/latex/class_observation_model_method__inherit__graph.md5" />
		<Unit filename="doxygen/latex/class_r_h_c_i_create.tex" />
		<Unit filename="doxygen/latex/class_r_h_c_i_create__coll__graph.md5" />
		<Unit filename="doxygen/latex/class_r_h_c_i_create__inherit__graph.md5" />
		<Unit filename="doxygen/latex/class_s_e2_belief_space.tex" />
		<Unit filename="doxygen/latex/class_s_e2_belief_space_1_1_state_type.tex" />
		<Unit filename="doxygen/latex/class_separated_controller_method.tex" />
		<Unit filename="doxygen/latex/class_separated_controller_method__inherit__graph.md5" />
		<Unit filename="doxygen/latex/class_simulated_actuation_system.tex" />
		<Unit filename="doxygen/latex/class_simulated_actuation_system__coll__graph.md5" />
		<Unit filename="doxygen/latex/class_simulated_actuation_system__inherit__graph.md5" />
		<Unit filename="doxygen/latex/class_ti_xml_attribute.tex" />
		<Unit filename="doxygen/latex/class_ti_xml_attribute__coll__graph.md5" />
		<Unit filename="doxygen/latex/class_ti_xml_attribute__inherit__graph.md5" />
		<Unit filename="doxygen/latex/class_ti_xml_attribute_set.tex" />
		<Unit filename="doxygen/latex/class_ti_xml_base.tex" />
		<Unit filename="doxygen/latex/class_ti_xml_base__coll__graph.md5" />
		<Unit filename="doxygen/latex/class_ti_xml_base__inherit__graph.md5" />
		<Unit filename="doxygen/latex/class_ti_xml_comment.tex" />
		<Unit filename="doxygen/latex/class_ti_xml_comment__coll__graph.md5" />
		<Unit filename="doxygen/latex/class_ti_xml_comment__inherit__graph.md5" />
		<Unit filename="doxygen/latex/class_ti_xml_declaration.tex" />
		<Unit filename="doxygen/latex/class_ti_xml_declaration__coll__graph.md5" />
		<Unit filename="doxygen/latex/class_ti_xml_declaration__inherit__graph.md5" />
		<Unit filename="doxygen/latex/class_ti_xml_document.tex" />
		<Unit filename="doxygen/latex/class_ti_xml_document__coll__graph.md5" />
		<Unit filename="doxygen/latex/class_ti_xml_document__inherit__graph.md5" />
		<Unit filename="doxygen/latex/class_ti_xml_element.tex" />
		<Unit filename="doxygen/latex/class_ti_xml_element__coll__graph.md5" />
		<Unit filename="doxygen/latex/class_ti_xml_element__inherit__graph.md5" />
		<Unit filename="doxygen/latex/class_ti_xml_handle.tex" />
		<Unit filename="doxygen/latex/class_ti_xml_node.tex" />
		<Unit filename="doxygen/latex/class_ti_xml_node__coll__graph.md5" />
		<Unit filename="doxygen/latex/class_ti_xml_node__inherit__graph.md5" />
		<Unit filename="doxygen/latex/class_ti_xml_out_stream.tex" />
		<Unit filename="doxygen/latex/class_ti_xml_out_stream__coll__graph.md5" />
		<Unit filename="doxygen/latex/class_ti_xml_out_stream__inherit__graph.md5" />
		<Unit filename="doxygen/latex/class_ti_xml_parsing_data.tex" />
		<Unit filename="doxygen/latex/class_ti_xml_printer.tex" />
		<Unit filename="doxygen/latex/class_ti_xml_printer__coll__graph.md5" />
		<Unit filename="doxygen/latex/class_ti_xml_printer__inherit__graph.md5" />
		<Unit filename="doxygen/latex/class_ti_xml_string.tex" />
		<Unit filename="doxygen/latex/class_ti_xml_string__inherit__graph.md5" />
		<Unit filename="doxygen/latex/class_ti_xml_text.tex" />
		<Unit filename="doxygen/latex/class_ti_xml_text__coll__graph.md5" />
		<Unit filename="doxygen/latex/class_ti_xml_text__inherit__graph.md5" />
		<Unit filename="doxygen/latex/class_ti_xml_unknown.tex" />
		<Unit filename="doxygen/latex/class_ti_xml_unknown__coll__graph.md5" />
		<Unit filename="doxygen/latex/class_ti_xml_unknown__inherit__graph.md5" />
		<Unit filename="doxygen/latex/class_ti_xml_visitor.tex" />
		<Unit filename="doxygen/latex/class_ti_xml_visitor__inherit__graph.md5" />
		<Unit filename="doxygen/latex/class_unicycle_motion_model.tex" />
		<Unit filename="doxygen/latex/class_unicycle_motion_model__coll__graph.md5" />
		<Unit filename="doxygen/latex/class_unicycle_motion_model__inherit__graph.md5" />
		<Unit filename="doxygen/latex/class_unicycle_state_propagator.tex" />
		<Unit filename="doxygen/latex/class_uniform_valid_belief_sampler.tex" />
		<Unit filename="doxygen/latex/classfirm_1_1_space_information.tex" />
		<Unit filename="doxygen/latex/deprecated.tex" />
		<Unit filename="doxygen/latex/doxygen.sty" />
		<Unit filename="doxygen/latex/hierarchy.tex" />
		<Unit filename="doxygen/latex/namespacefirm.tex" />
		<Unit filename="doxygen/latex/namespaces.tex" />
		<Unit filename="doxygen/latex/refman.tex" />
		<Unit filename="doxygen/latex/struct_double_value_comp.tex" />
		<Unit filename="doxygen/latex/struct_edge_comp.tex" />
		<Unit filename="doxygen/latex/struct_f_i_r_m_1_1edge__flags__t.tex" />
		<Unit filename="doxygen/latex/struct_f_i_r_m_1_1vertex__flags__t.tex" />
		<Unit filename="doxygen/latex/struct_f_i_r_m_1_1vertex__state__t.tex" />
		<Unit filename="doxygen/latex/struct_f_i_r_m_1_1vertex__successful__connection__attempts__t.tex" />
		<Unit filename="doxygen/latex/struct_f_i_r_m_1_1vertex__total__connection__attempts__t.tex" />
		<Unit filename="doxygen/latex/struct_ti_xml_cursor.tex" />
		<Unit filename="fourthFloorMap_v2.m" />
		<Unit filename="include/ConnectionStrategy/FStrategy.h" />
		<Unit filename="include/Controllers/CarrotController.h" />
		<Unit filename="include/Controllers/Controller.h" />
		<Unit filename="include/Filters/CarrotExtendedKF.h" />
		<Unit filename="include/Filters/CarrotKalmanMethod.h" />
		<Unit filename="include/Filters/CarrotLinearizedKF.h" />
		<Unit filename="include/Filters/ExtendedKF.h" />
		<Unit filename="include/Filters/KalmanFilterMethod.h" />
		<Unit filename="include/Filters/LinearizedKF.h" />
		<Unit filename="include/Filters/dare.h" />
		<Unit filename="include/LinearSystem/CarrotLinearSystem.h" />
		<Unit filename="include/LinearSystem/LinearSystem.h" />
		<Unit filename="include/LocalPlanners/MotionModelLP.h" />
		<Unit filename="include/MotionModels/CarrotMotionModel.h" />
		<Unit filename="include/MotionModels/CarrotMotionModelMethod.h" />
		<Unit filename="include/MotionModels/CarrotStatePropagator.h" />
		<Unit filename="include/MotionModels/MotionModelMethod.h" />
		<Unit filename="include/MotionModels/UnicycleMotionModel.h" />
		<Unit filename="include/MotionModels/UnicycleStatePropagator.h" />
		<Unit filename="include/ObservationModels/CamAruco2DObservationModel.h" />
		<Unit filename="include/ObservationModels/CarrotObservationModel.h" />
		<Unit filename="include/ObservationModels/ObservationModelMethod.h" />
		<Unit filename="include/OptimizationObjectives/FIRMOptimizationObjective.h" />
		<Unit filename="include/Path/CarrotFeedbackPath.h" />
		<Unit filename="include/Path/FeedbackPath.h" />
		<Unit filename="include/Planner/CarrotFIRM.h" />
		<Unit filename="include/Planner/FIRM.h" />
		<Unit filename="include/Planner/MMPolicyGenerator.h" />
		<Unit filename="include/Samplers/GaussianValidBeliefSampler.h" />
		<Unit filename="include/Samplers/UniformValidBeliefSampler.h" />
		<Unit filename="include/SeparatedControllers/CarrotControllerMethod.h" />
		<Unit filename="include/SeparatedControllers/CarrotRHC.h" />
		<Unit filename="include/SeparatedControllers/RHCICreate.h" />
		<Unit filename="include/SeparatedControllers/SeparatedControllerMethod.h" />
		<Unit filename="include/SpaceInformation/CarrotSpaceInformation.h" />
		<Unit filename="include/SpaceInformation/SpaceInformation.h" />
		<Unit filename="include/Spaces/CarrotBeliefSpace.h" />
		<Unit filename="include/Spaces/SE2BeliefSpace.h" />
		<Unit filename="include/Utils/FIRMUtils.h" />
		<Unit filename="include/ValidityCheckers/CarrotFIRMValidityChecker.h" />
		<Unit filename="include/ValidityCheckers/CarrotMotionValidator.h" />
		<Unit filename="include/ValidityCheckers/FIRMValidityChecker.h" />
		<Unit filename="include/Visualization/CarrotVisualizer.h" />
		<Unit filename="include/Visualization/GLWidget.h" />
		<Unit filename="include/Visualization/Visualizer.h" />
		<Unit filename="include/Visualization/Window.h" />
		<Unit filename="include/Weight/FIRMWeight.h" />
		<Unit filename="main.cpp" />
		<Unit filename="main_temp.cpp" />
		<Unit filename="obj/Debug/main.o" />
		<Unit filename="obj/Debug/src/Filters/ExtendedKF.o" />
		<Unit filename="obj/Debug/src/Filters/LinearizedKF.o" />
		<Unit filename="obj/Debug/src/MotionModels/UnicycleMotionModel.o" />
		<Unit filename="obj/Debug/src/MotionModels/UnicycleStatePropagator.o" />
		<Unit filename="obj/Debug/src/ObservationModels/CamAruco2DObservationModel.o" />
		<Unit filename="obj/Debug/src/Planner/FIRM.o" />
		<Unit filename="obj/Debug/src/Planner/MMPolicyGenerator.o" />
		<Unit filename="obj/Debug/src/Samplers/GaussianValidBeliefSampler.o" />
		<Unit filename="obj/Debug/src/Samplers/UniformValidBeliefSampler.o" />
		<Unit filename="obj/Debug/src/SeparatedControllers/RHCICreate.o" />
		<Unit filename="obj/Debug/src/SpaceInformation/SpaceInformation.o" />
		<Unit filename="obj/Debug/src/Spaces/SE2BeliefSpace.o" />
		<Unit filename="obj/Debug/src/Utils/FIRMUtils.o" />
		<Unit filename="obj/Debug/src/Visualization/GLWidget.o" />
		<Unit filename="obj/Debug/src/Visualization/Visualizer.o" />
		<Unit filename="obj/Debug/src/Visualization/Window.o" />
		<Unit filename="obj/Debug/src/Visualization/moc_GLWidget.o" />
		<Unit filename="obj/Debug/src/Visualization/moc_Window.o" />
		<Unit filename="report/FIRM-OMPL-Report.tex~" />
		<Unit filename="report/FIRM-OMPL.aux" />
		<Unit filename="report/FIRM-OMPL.lof" />
		<Unit filename="report/FIRM-OMPL.log" />
		<Unit filename="report/FIRM-OMPL.nlo" />
		<Unit filename="report/FIRM-OMPL.out" />
		<Unit filename="report/FIRM-OMPL.tex" />
		<Unit filename="report/FIRM-OMPL.tex.backup" />
		<Unit filename="report/FIRM-OMPL.toc" />
		<Unit filename="report/abstract.aux" />
		<Unit filename="report/abstract.tex" />
		<Unit filename="report/abstract.tex.backup" />
		<Unit filename="report/appA.aux" />
		<Unit filename="report/appB.aux" />
		<Unit filename="report/appenA.aux" />
		<Unit filename="report/appenB.aux" />
		<Unit filename="report/chap1.tex" />
		<Unit filename="report/chap1.tex.backup" />
		<Unit filename="report/chap2.tex" />
		<Unit filename="report/chap3.tex" />
		<Unit filename="report/discussion.aux" />
		<Unit filename="report/styles/Diss.tex" />
		<Unit filename="report/styles/caption2.sty" />
		<Unit filename="report/styles/chicago.sty" />
		<Unit filename="report/styles/cranfield_crest.jpg" />
		<Unit filename="report/styles/draftcopy.sty" />
		<Unit filename="report/styles/dropping.sty" />
		<Unit filename="report/styles/epsf.sty" />
		<Unit filename="report/styles/fancyheadings.sty" />
		<Unit filename="report/styles/mathptm1.sty" />
		<Unit filename="report/styles/portland.sty" />
		<Unit filename="report/styles/psfig.sty" />
		<Unit filename="report/styles/report_1.cls" />
		<Unit filename="report/styles/report_1.sty" />
		<Unit filename="report/styles/savesymbol.sty" />
		<Unit filename="report/styles/setspace.sty" />
		<Unit filename="report/styles/texput.log" />
		<Unit filename="report/styles/times1.sty" />
		<Unit filename="report/styles/uq_thesis.cls" />
		<Unit filename="report/styles/uq_thesis.cls~" />
		<Unit filename="report/styles/uq_thesis.log" />
		<Unit filename="report/styles/uq_thesis.sty" />
		<Unit filename="src/ActuationSystems/SimulatedActuationSystem.cpp" />
		<Unit filename="src/Filters/CarrotExtendedKF.cpp" />
		<Unit filename="src/Filters/CarrotLinearizedKF.cpp" />
		<Unit filename="src/Filters/ExtendedKF.cpp" />
		<Unit filename="src/Filters/LinearizedKF.cpp" />
		<Unit filename="src/MotionModels/CarrotMotionModel.cpp" />
		<Unit filename="src/MotionModels/CarrotStatePropagator.cpp" />
		<Unit filename="src/MotionModels/UnicycleMotionModel.cpp" />
		<Unit filename="src/MotionModels/UnicycleMotionModel.cpp.cbTemp" />
		<Unit filename="src/MotionModels/UnicycleStatePropagator.cpp" />
		<Unit filename="src/ObservationModels/CamAruco2DObservationModel.cpp" />
		<Unit filename="src/ObservationModels/CarrotObservationModel.cpp" />
		<Unit filename="src/OptimizationObjectives/FIRMOptimizationObjective.cpp" />
		<Unit filename="src/Planner/CarrotFIRM.cpp" />
		<Unit filename="src/Planner/CarrotMMPolicyGenerator.cpp" />
		<Unit filename="src/Planner/FIRM.cpp" />
		<Unit filename="src/Planner/MMPolicyGenerator.cpp" />
		<Unit filename="src/Samplers/GaussianValidBeliefSampler.cpp" />
		<Unit filename="src/Samplers/UniformValidBeliefSampler.cpp" />
		<Unit filename="src/SeparatedControllers/CarrotRHC.cpp" />
		<Unit filename="src/SeparatedControllers/RHCICreate.cpp" />
		<Unit filename="src/SpaceInformation/CarrotSpaceInformation.cpp" />
		<Unit filename="src/SpaceInformation/SpaceInformation.cpp" />
		<Unit filename="src/Spaces/CarrotBeliefSpace.cpp" />
		<Unit filename="src/Spaces/SE2BeliefSpace.cpp" />
		<Unit filename="src/Utils/FIRMUtils.cpp" />
		<Unit filename="src/Visualization/CarrotVisualizer.cpp" />
		<Unit filename="src/Visualization/GLWidget.cpp" />
		<Unit filename="src/Visualization/Visualizer.cpp" />
		<Unit filename="src/Visualization/Window.cpp" />
		<Unit filename="src/Visualization/moc_GLWidget.cpp" />
		<Unit filename="src/Visualization/moc_Window.cpp" />
		<Extensions>
			<code_completion />
			<debugger />
		</Extensions>
	</Project>
</CodeBlocks_project_file>
